
Microsoft Visual Studio Solution File, Format Version 12.00
# Visual Studio Version 16
VisualStudioVersion = 16.0.31624.102
MinimumVisualStudioVersion = 10.0.40219.1
Project("{FAE04EC0-301F-11D3-BF4B-00C04F79EFBC}") = "BookShop", "BookShop\BookShop.csproj", "{B6C9464A-86FF-4270-9C94-6AE027A2FEDB}"
EndProject
Project("{FAE04EC0-301F-11D3-BF4B-00C04F79EFBC}") = "DAL", "DAL\DAL.csproj", "{BD19FF12-F732-461D-8FAA-28C664D815A4}"
EndProject
Project("{FAE04EC0-301F-11D3-BF4B-00C04F79EFBC}") = "BL", "BL\BL.csproj", "{280A4D14-4B4C-43E5-BEDC-74D9C526D85A}"
EndProject
Global
	GlobalSection(SolutionConfigurationPlatforms) = preSolution
		Debug|Any CPU = Debug|Any CPU
		Release|Any CPU = Release|Any CPU
	EndGlobalSection
	GlobalSection(ProjectConfigurationPlatforms) = postSolution
		{B6C9464A-86FF-4270-9C94-6AE027A2FEDB}.Debug|Any CPU.ActiveCfg = Debug|Any CPU
		{B6C9464A-86FF-4270-9C94-6AE027A2FEDB}.Debug|Any CPU.Build.0 = Debug|Any CPU
		{B6C9464A-86FF-4270-9C94-6AE027A2FEDB}.Release|Any CPU.ActiveCfg = Release|Any CPU
		{B6C9464A-86FF-4270-9C94-6AE027A2FEDB}.Release|Any CPU.Build.0 = Release|Any CPU
		{BD19FF12-F732-461D-8FAA-28C664D815A4}.Debug|Any CPU.ActiveCfg = Debug|Any CPU
		{BD19FF12-F732-461D-8FAA-28C664D815A4}.Debug|Any CPU.Build.0 = Debug|Any CPU
		{BD19FF12-F732-461D-8FAA-28C664D815A4}.Release|Any CPU.ActiveCfg = Release|Any CPU
		{BD19FF12-F732-461D-8FAA-28C664D815A4}.Release|Any CPU.Build.0 = Release|Any CPU
		{280A4D14-4B4C-43E5-BEDC-74D9C526D85A}.Debug|Any CPU.ActiveCfg = Debug|Any CPU
		{280A4D14-4B4C-43E5-BEDC-74D9C526D85A}.Debug|Any CPU.Build.0 = Debug|Any CPU
		{280A4D14-4B4C-43E5-BEDC-74D9C526D85A}.Release|Any CPU.ActiveCfg = Release|Any CPU
		{280A4D14-4B4C-43E5-BEDC-74D9C526D85A}.Release|Any CPU.Build.0 = Release|Any CPU
	EndGlobalSection
	GlobalSection(SolutionProperties) = preSolution
		HideSolutionNode = FALSE
	EndGlobalSection
	GlobalSection(ExtensibilityGlobals) = postSolution
		SolutionGuid = {E291C34C-9808-43CD-8328-A58BCF76E0CB}
	EndGlobalSection
EndGlobal
